// !$*UTF8*$!
{
	archiveVersion = 1;
	classes = {
	};
	objectVersion = 50;
	objects = {

/* Begin PBXBuildFile section */
		3A9443922741CEA10030D14E /* AppDelegate.swift in Sources */ = {isa = PBXBuildFile; fileRef = 3A9443912741CEA10030D14E /* AppDelegate.swift */; };
		3A9443942741CEA10030D14E /* SceneDelegate.swift in Sources */ = {isa = PBXBuildFile; fileRef = 3A9443932741CEA10030D14E /* SceneDelegate.swift */; };
		3A9443962741CEA10030D14E /* ViewController.swift in Sources */ = {isa = PBXBuildFile; fileRef = 3A9443952741CEA10030D14E /* ViewController.swift */; };
		3A9443992741CEA10030D14E /* Main.storyboard in Resources */ = {isa = PBXBuildFile; fileRef = 3A9443972741CEA10030D14E /* Main.storyboard */; };
		3A94439B2741CEA70030D14E /* Assets.xcassets in Resources */ = {isa = PBXBuildFile; fileRef = 3A94439A2741CEA70030D14E /* Assets.xcassets */; };
		3A94439E2741CEA70030D14E /* LaunchScreen.storyboard in Resources */ = {isa = PBXBuildFile; fileRef = 3A94439C2741CEA70030D14E /* LaunchScreen.storyboard */; };
		3A9443A92741CEA70030D14E /* loginTests.swift in Sources */ = {isa = PBXBuildFile; fileRef = 3A9443A82741CEA70030D14E /* loginTests.swift */; };
		3A9443B42741CEA80030D14E /* loginUITests.swift in Sources */ = {isa = PBXBuildFile; fileRef = 3A9443B32741CEA80030D14E /* loginUITests.swift */; };
/* End PBXBuildFile section */

/* Begin PBXContainerItemProxy section */
		3A9443A52741CEA70030D14E /* PBXContainerItemProxy */ = {
			isa = PBXContainerItemProxy;
			containerPortal = 3A9443862741CEA10030D14E /* Project object */;
			proxyType = 1;
			remoteGlobalIDString = 3A94438D2741CEA10030D14E;
			remoteInfo = login;
		};
		3A9443B02741CEA80030D14E /* PBXContainerItemProxy */ = {
			isa = PBXContainerItemProxy;
			containerPortal = 3A9443862741CEA10030D14E /* Project object */;
			proxyType = 1;
			remoteGlobalIDString = 3A94438D2741CEA10030D14E;
			remoteInfo = login;
		};
/* End PBXContainerItemProxy section */

/* Begin PBXFileReference section */
		3A94438E2741CEA10030D14E /* login.app */ = {isa = PBXFileReference; explicitFileType = wrapper.application; includeInIndex = 0; path = login.app; sourceTree = BUILT_PRODUCTS_DIR; };
		3A9443912741CEA10030D14E /* AppDelegate.swift */ = {isa = PBXFileReference; lastKnownFileType = sourcecode.swift; path = AppDelegate.swift; sourceTree = "<group>"; };
		3A9443932741CEA10030D14E /* SceneDelegate.swift */ = {isa = PBXFileReference; lastKnownFileType = sourcecode.swift; path = SceneDelegate.swift; sourceTree = "<group>"; };
		3A9443952741CEA10030D14E /* ViewController.swift */ = {isa = PBXFileReference; lastKnownFileType = sourcecode.swift; path = ViewController.swift; sourceTree = "<group>"; };
		3A9443982741CEA10030D14E /* Base */ = {isa = PBXFileReference; lastKnownFileType = file.storyboard; name = Base; path = Base.lproj/Main.storyboard; sourceTree = "<group>"; };
		3A94439A2741CEA70030D14E /* Assets.xcassets */ = {isa = PBXFileReference; lastKnownFileType = folder.assetcatalog; path = Assets.xcassets; sourceTree = "<group>"; };
		3A94439D2741CEA70030D14E /* Base */ = {isa = PBXFileReference; lastKnownFileType = file.storyboard; name = Base; path = Base.lproj/LaunchScreen.storyboard; sourceTree = "<group>"; };
		3A94439F2741CEA70030D14E /* Info.plist */ = {isa = PBXFileReference; lastKnownFileType = text.plist.xml; path = Info.plist; sourceTree = "<group>"; };
		3A9443A42741CEA70030D14E /* loginTests.xctest */ = {isa = PBXFileReference; explicitFileType = wrapper.cfbundle; includeInIndex = 0; path = loginTests.xctest; sourceTree = BUILT_PRODUCTS_DIR; };
		3A9443A82741CEA70030D14E /* loginTests.swift */ = {isa = PBXFileReference; lastKnownFileType = sourcecode.swift; path = loginTests.swift; sourceTree = "<group>"; };
		3A9443AA2741CEA70030D14E /* Info.plist */ = {isa = PBXFileReference; lastKnownFileType = text.plist.xml; path = Info.plist; sourceTree = "<group>"; };
		3A9443AF2741CEA80030D14E /* loginUITests.xctest */ = {isa = PBXFileReference; explicitFileType = wrapper.cfbundle; includeInIndex = 0; path = loginUITests.xctest; sourceTree = BUILT_PRODUCTS_DIR; };
		3A9443B32741CEA80030D14E /* loginUITests.swift */ = {isa = PBXFileReference; lastKnownFileType = sourcecode.swift; path = loginUITests.swift; sourceTree = "<group>"; };
		3A9443B52741CEA80030D14E /* Info.plist */ = {isa = PBXFileReference; lastKnownFileType = text.plist.xml; path = Info.plist; sourceTree = "<group>"; };
/* End PBXFileReference section */

/* Begin PBXFrameworksBuildPhase section */
		3A94438B2741CEA10030D14E /* Frameworks */ = {
			isa = PBXFrameworksBuildPhase;
			buildActionMask = 2147483647;
			files = (
			);
			runOnlyForDeploymentPostprocessing = 0;
		};
		3A9443A12741CEA70030D14E /* Frameworks */ = {
			isa = PBXFrameworksBuildPhase;
			buildActionMask = 2147483647;
			files = (
			);
			runOnlyForDeploymentPostprocessing = 0;
		};
		3A9443AC2741CEA80030D14E /* Frameworks */ = {
			isa = PBXFrameworksBuildPhase;
			buildActionMask = 2147483647;
			files = (
			);
			runOnlyForDeploymentPostprocessing = 0;
		};
/* End PBXFrameworksBuildPhase section */

/* Begin PBXGroup section */
		3A9443852741CEA10030D14E = {
			isa = PBXGroup;
			children = (
				3A9443902741CEA10030D14E /* login */,
				3A9443A72741CEA70030D14E /* loginTests */,
				3A9443B22741CEA80030D14E /* loginUITests */,
				3A94438F2741CEA10030D14E /* Products */,
			);
			sourceTree = "<group>";
		};
		3A94438F2741CEA10030D14E /* Products */ = {
			isa = PBXGroup;
			children = (
				3A94438E2741CEA10030D14E /* login.app */,
				3A9443A42741CEA70030D14E /* loginTests.xctest */,
				3A9443AF2741CEA80030D14E /* loginUITests.xctest */,
			);
			name = Products;
			sourceTree = "<group>";
		};
		3A9443902741CEA10030D14E /* login */ = {
			isa = PBXGroup;
			children = (
				3A9443912741CEA10030D14E /* AppDelegate.swift */,
				3A9443932741CEA10030D14E /* SceneDelegate.swift */,
				3A9443952741CEA10030D14E /* ViewController.swift */,
				3A9443972741CEA10030D14E /* Main.storyboard */,
				3A94439A2741CEA70030D14E /* Assets.xcassets */,
				3A94439C2741CEA70030D14E /* LaunchScreen.storyboard */,
				3A94439F2741CEA70030D14E /* Info.plist */,
			);
			path = login;
			sourceTree = "<group>";
		};
		3A9443A72741CEA70030D14E /* loginTests */ = {
			isa = PBXGroup;
			children = (
				3A9443A82741CEA70030D14E /* loginTests.swift */,
				3A9443AA2741CEA70030D14E /* Info.plist */,
			);
			path = loginTests;
			sourceTree = "<group>";
		};
		3A9443B22741CEA80030D14E /* loginUITests */ = {
			isa = PBXGroup;
			children = (
				3A9443B32741CEA80030D14E /* loginUITests.swift */,
				3A9443B52741CEA80030D14E /* Info.plist */,
			);
			path = loginUITests;
			sourceTree = "<group>";
		};
/* End PBXGroup section */

/* Begin PBXNativeTarget section */
		3A94438D2741CEA10030D14E /* login */ = {
			isa = PBXNativeTarget;
			buildConfigurationList = 3A9443B82741CEA80030D14E /* Build configuration list for PBXNativeTarget "login" */;
			buildPhases = (
				3A94438A2741CEA10030D14E /* Sources */,
				3A94438B2741CEA10030D14E /* Frameworks */,
				3A94438C2741CEA10030D14E /* Resources */,
			);
			buildRules = (
			);
			dependencies = (
			);
			name = login;
			productName = login;
			productReference = 3A94438E2741CEA10030D14E /* login.app */;
			productType = "com.apple.product-type.application";
		};
		3A9443A32741CEA70030D14E /* loginTests */ = {
			isa = PBXNativeTarget;
			buildConfigurationList = 3A9443BB2741CEA80030D14E /* Build configuration list for PBXNativeTarget "loginTests" */;
			buildPhases = (
				3A9443A02741CEA70030D14E /* Sources */,
				3A9443A12741CEA70030D14E /* Frameworks */,
				3A9443A22741CEA70030D14E /* Resources */,
			);
			buildRules = (
			);
			dependencies = (
				3A9443A62741CEA70030D14E /* PBXTargetDependency */,
			);
			name = loginTests;
			productName = loginTests;
			productReference = 3A9443A42741CEA70030D14E /* loginTests.xctest */;
			productType = "com.apple.product-type.bundle.unit-test";
		};
		3A9443AE2741CEA80030D14E /* loginUITests */ = {
			isa = PBXNativeTarget;
			buildConfigurationList = 3A9443BE2741CEA80030D14E /* Build configuration list for PBXNativeTarget "loginUITests" */;
			buildPhases = (
				3A9443AB2741CEA80030D14E /* Sources */,
				3A9443AC2741CEA80030D14E /* Frameworks */,
				3A9443AD2741CEA80030D14E /* Resources */,
			);
			buildRules = (
			);
			dependencies = (
				3A9443B12741CEA80030D14E /* PBXTargetDependency */,
			);
			name = loginUITests;
			productName = loginUITests;
			productReference = 3A9443AF2741CEA80030D14E /* loginUITests.xctest */;
			productType = "com.apple.product-type.bundle.ui-testing";
		};
/* End PBXNativeTarget section */

/* Begin PBXProject section */
		3A9443862741CEA10030D14E /* Project object */ = {
			isa = PBXProject;
			attributes = {
				LastSwiftUpdateCheck = 1240;
				LastUpgradeCheck = 1240;
				TargetAttributes = {
					3A94438D2741CEA10030D14E = {
						CreatedOnToolsVersion = 12.4;
					};
					3A9443A32741CEA70030D14E = {
						CreatedOnToolsVersion = 12.4;
						TestTargetID = 3A94438D2741CEA10030D14E;
					};
					3A9443AE2741CEA80030D14E = {
						CreatedOnToolsVersion = 12.4;
						TestTargetID = 3A94438D2741CEA10030D14E;
					};
				};
			};
			buildConfigurationList = 3A9443892741CEA10030D14E /* Build configuration list for PBXProject "login" */;
			compatibilityVersion = "Xcode 9.3";
			developmentRegion = en;
			hasScannedForEncodings = 0;
			knownRegions = (
				en,
				Base,
			);
			mainGroup = 3A9443852741CEA10030D14E;
			productRefGroup = 3A94438F2741CEA10030D14E /* Products */;
			projectDirPath = "";
			projectRoot = "";
			targets = (
				3A94438D2741CEA10030D14E /* login */,
				3A9443A32741CEA70030D14E /* loginTests */,
				3A9443AE2741CEA80030D14E /* loginUITests */,
			);
		};
/* End PBXProject section */

/* Begin PBXResourcesBuildPhase section */
		3A94438C2741CEA10030D14E /* Resources */ = {
			isa = PBXResourcesBuildPhase;
			buildActionMask = 2147483647;
			files = (
				3A94439E2741CEA70030D14E /* LaunchScreen.storyboard in Resources */,
				3A94439B2741CEA70030D14E /* Assets.xcassets in Resources */,
				3A9443992741CEA10030D14E /* Main.storyboard in Resources */,
			);
			runOnlyForDeploymentPostprocessing = 0;
		};
		3A9443A22741CEA70030D14E /* Resources */ = {
			isa = PBXResourcesBuildPhase;
			buildActionMask = 2147483647;
			files = (
			);
			runOnlyForDeploymentPostprocessing = 0;
		};
		3A9443AD2741CEA80030D14E /* Resources */ = {
			isa = PBXResourcesBuildPhase;
			buildActionMask = 2147483647;
			files = (
			);
			runOnlyForDeploymentPostprocessing = 0;
		};
/* End PBXResourcesBuildPhase section */

/* Begin PBXSourcesBuildPhase section */
		3A94438A2741CEA10030D14E /* Sources */ = {
			isa = PBXSourcesBuildPhase;
			buildActionMask = 2147483647;
			files = (
				3A9443962741CEA10030D14E /* ViewController.swift in Sources */,
				3A9443922741CEA10030D14E /* AppDelegate.swift in Sources */,
				3A9443942741CEA10030D14E /* SceneDelegate.swift in Sources */,
			);
			runOnlyForDeploymentPostprocessing = 0;
		};
		3A9443A02741CEA70030D14E /* Sources */ = {
			isa = PBXSourcesBuildPhase;
			buildActionMask = 2147483647;
			files = (
				3A9443A92741CEA70030D14E /* loginTests.swift in Sources */,
			);
			runOnlyForDeploymentPostprocessing = 0;
		};
		3A9443AB2741CEA80030D14E /* Sources */ = {
			isa = PBXSourcesBuildPhase;
			buildActionMask = 2147483647;
			files = (
				3A9443B42741CEA80030D14E /* loginUITests.swift in Sources */,
			);
			runOnlyForDeploymentPostprocessing = 0;
		};
/* End PBXSourcesBuildPhase section */

/* Begin PBXTargetDependency section */
		3A9443A62741CEA70030D14E /* PBXTargetDependency */ = {
			isa = PBXTargetDependency;
			target = 3A94438D2741CEA10030D14E /* login */;
			targetProxy = 3A9443A52741CEA70030D14E /* PBXContainerItemProxy */;
		};
		3A9443B12741CEA80030D14E /* PBXTargetDependency */ = {
			isa = PBXTargetDependency;
			target = 3A94438D2741CEA10030D14E /* login */;
			targetProxy = 3A9443B02741CEA80030D14E /* PBXContainerItemProxy */;
		};
/* End PBXTargetDependency section */

/* Begin PBXVariantGroup section */
		3A9443972741CEA10030D14E /* Main.storyboard */ = {
			isa = PBXVariantGroup;
			children = (
				3A9443982741CEA10030D14E /* Base */,
			);
			name = Main.storyboard;
			sourceTree = "<group>";
		};
		3A94439C2741CEA70030D14E /* LaunchScreen.storyboard */ = {
			isa = PBXVariantGroup;
			children = (
				3A94439D2741CEA70030D14E /* Base */,
			);
			name = LaunchScreen.storyboard;
			sourceTree = "<group>";
		};
/* End PBXVariantGroup section */

/* Begin XCBuildConfiguration section */
		3A9443B62741CEA80030D14E /* Debug */ = {
			isa = XCBuildConfiguration;
			buildSettings = {
				ALWAYS_SEARCH_USER_PATHS = NO;
				CLANG_ANALYZER_NONNULL = YES;
				CLANG_ANALYZER_NUMBER_OBJECT_CONVERSION = YES_AGGRESSIVE;
				CLANG_CXX_LANGUAGE_STANDARD = "gnu++14";
				CLANG_CXX_LIBRARY = "libc++";
				CLANG_ENABLE_MODULES = YES;
				CLANG_ENABLE_OBJC_ARC = YES;
				CLANG_ENABLE_OBJC_WEAK = YES;
				CLANG_WARN_BLOCK_CAPTURE_AUTORELEASING = YES;
				CLANG_WARN_BOOL_CONVERSION = YES;
				CLANG_WARN_COMMA = YES;
				CLANG_WARN_CONSTANT_CONVERSION = YES;
				CLANG_WARN_DEPRECATED_OBJC_IMPLEMENTATIONS = YES;
				CLANG_WARN_DIRECT_OBJC_ISA_USAGE = YES_ERROR;
				CLANG_WARN_DOCUMENTATION_COMMENTS = YES;
				CLANG_WARN_EMPTY_BODY = YES;
				CLANG_WARN_ENUM_CONVERSION = YES;
				CLANG_WARN_INFINITE_RECURSION = YES;
				CLANG_WARN_INT_CONVERSION = YES;
				CLANG_WARN_NON_LITERAL_NULL_CONVERSION = YES;
				CLANG_WARN_OBJC_IMPLICIT_RETAIN_SELF = YES;
				CLANG_WARN_OBJC_LITERAL_CONVERSION = YES;
				CLANG_WARN_OBJC_ROOT_CLASS = YES_ERROR;
				CLANG_WARN_QUOTED_INCLUDE_IN_FRAMEWORK_HEADER = YES;
				CLANG_WARN_RANGE_LOOP_ANALYSIS = YES;
				CLANG_WARN_STRICT_PROTOTYPES = YES;
				CLANG_WARN_SUSPICIOUS_MOVE = YES;
				CLANG_WARN_UNGUARDED_AVAILABILITY = YES_AGGRESSIVE;
				CLANG_WARN_UNREACHABLE_CODE = YES;
				CLANG_WARN__DUPLICATE_METHOD_MATCH = YES;
				COPY_PHASE_STRIP = NO;
				DEBUG_INFORMATION_FORMAT = dwarf;
				ENABLE_STRICT_OBJC_MSGSEND = YES;
				ENABLE_TESTABILITY = YES;
				GCC_C_LANGUAGE_STANDARD = gnu11;
				GCC_DYNAMIC_NO_PIC = NO;
				GCC_NO_COMMON_BLOCKS = YES;
				GCC_OPTIMIZATION_LEVEL = 0;
				GCC_PREPROCESSOR_DEFINITIONS = (
					"DEBUG=1",
					"$(inherited)",
				);
				GCC_WARN_64_TO_32_BIT_CONVERSION = YES;
				GCC_WARN_ABOUT_RETURN_TYPE = YES_ERROR;
				GCC_WARN_UNDECLARED_SELECTOR = YES;
				GCC_WARN_UNINITIALIZED_AUTOS = YES_AGGRESSIVE;
				GCC_WARN_UNUSED_FUNCTION = YES;
				GCC_WARN_UNUSED_VARIABLE = YES;
				IPHONEOS_DEPLOYMENT_TARGET = 14.4;
				MTL_ENABLE_DEBUG_INFO = INCLUDE_SOURCE;
				MTL_FAST_MATH = YES;
				ONLY_ACTIVE_ARCH = YES;
				SDKROOT = iphoneos;
				SWIFT_ACTIVE_COMPILATION_CONDITIONS = DEBUG;
				SWIFT_OPTIMIZATION_LEVEL = "-Onone";
			};
			name = Debug;
		};
		3A9443B72741CEA80030D14E /* Release */ = {
			isa = XCBuildConfiguration;
			buildSettings = {
				ALWAYS_SEARCH_USER_PATHS = NO;
				CLANG_ANALYZER_NONNULL = YES;
				CLANG_ANALYZER_NUMBER_OBJECT_CONVERSION = YES_AGGRESSIVE;
				CLANG_CXX_LANGUAGE_STANDARD = "gnu++14";
				CLANG_CXX_LIBRARY = "libc++";
				CLANG_ENABLE_MODULES = YES;
				CLANG_ENABLE_OBJC_ARC = YES;
				CLANG_ENABLE_OBJC_WEAK = YES;
				CLANG_WARN_BLOCK_CAPTURE_AUTORELEASING = YES;
				CLANG_WARN_BOOL_CONVERSION = YES;
				CLANG_WARN_COMMA = YES;
				CLANG_WARN_CONSTANT_CONVERSION = YES;
				CLANG_WARN_DEPRECATED_OBJC_IMPLEMENTATIONS = YES;
				CLANG_WARN_DIRECT_OBJC_ISA_USAGE = YES_ERROR;
				CLANG_WARN_DOCUMENTATION_COMMENTS = YES;
				CLANG_WARN_EMPTY_BODY = YES;
				CLANG_WARN_ENUM_CONVERSION = YES;
				CLANG_WARN_INFINITE_RECURSION = YES;
				CLANG_WARN_INT_CONVERSION = YES;
				CLANG_WARN_NON_LITERAL_NULL_CONVERSION = YES;
				CLANG_WARN_OBJC_IMPLICIT_RETAIN_SELF = YES;
				CLANG_WARN_OBJC_LITERAL_CONVERSION = YES;
				CLANG_WARN_OBJC_ROOT_CLASS = YES_ERROR;
				CLANG_WARN_QUOTED_INCLUDE_IN_FRAMEWORK_HEADER = YES;
				CLANG_WARN_RANGE_LOOP_ANALYSIS = YES;
				CLANG_WARN_STRICT_PROTOTYPES = YES;
				CLANG_WARN_SUSPICIOUS_MOVE = YES;
				CLANG_WARN_UNGUARDED_AVAILABILITY = YES_AGGRESSIVE;
				CLANG_WARN_UNREACHABLE_CODE = YES;
				CLANG_WARN__DUPLICATE_METHOD_MATCH = YES;
				COPY_PHASE_STRIP = NO;
				DEBUG_INFORMATION_FORMAT = "dwarf-with-dsym";
				ENABLE_NS_ASSERTIONS = NO;
				ENABLE_STRICT_OBJC_MSGSEND = YES;
				GCC_C_LANGUAGE_STANDARD = gnu11;
				GCC_NO_COMMON_BLOCKS = YES;
				GCC_WARN_64_TO_32_BIT_CONVERSION = YES;
				GCC_WARN_ABOUT_RETURN_TYPE = YES_ERROR;
				GCC_WARN_UNDECLARED_SELECTOR = YES;
				GCC_WARN_UNINITIALIZED_AUTOS = YES_AGGRESSIVE;
				GCC_WARN_UNUSED_FUNCTION = YES;
				GCC_WARN_UNUSED_VARIABLE = YES;
				IPHONEOS_DEPLOYMENT_TARGET = 14.4;
				MTL_ENABLE_DEBUG_INFO = NO;
				MTL_FAST_MATH = YES;
				SDKROOT = iphoneos;
				SWIFT_COMPILATION_MODE = wholemodule;
				SWIFT_OPTIMIZATION_LEVEL = "-O";
				VALIDATE_PRODUCT = YES;
			};
			name = Release;
		};
		3A9443B92741CEA80030D14E /* Debug */ = {
			isa = XCBuildConfiguration;
			buildSettings = {
				ASSETCATALOG_COMPILER_APPICON_NAME = AppIcon;
				ASSETCATALOG_COMPILER_GLOBAL_ACCENT_COLOR_NAME = AccentColor;
				CODE_SIGN_STYLE = Automatic;
				INFOPLIST_FILE = login/Info.plist;
				LD_RUNPATH_SEARCH_PATHS = (
					"$(inherited)",
					"@executable_path/Frameworks",
				);
				PRODUCT_BUNDLE_IDENTIFIER = ejemplo.login;
				PRODUCT_NAME = "$(TARGET_NAME)";
				SWIFT_VERSION = 5.0;
				TARGETED_DEVICE_FAMILY = "1,2";
			};
			name = Debug;
		};
		3A9443BA2741CEA80030D14E /* Release */ = {
			isa = XCBuildConfiguration;
			buildSettings = {
				ASSETCATALOG_COMPILER_APPICON_NAME = AppIcon;
				ASSETCATALOG_COMPILER_GLOBAL_ACCENT_COLOR_NAME = AccentColor;
				CODE_SIGN_STYLE = Automatic;
				INFOPLIST_FILE = login/Info.plist;
				LD_RUNPATH_SEARCH_PATHS = (
					"$(inherited)",
					"@executable_path/Frameworks",
				);
				PRODUCT_BUNDLE_IDENTIFIER = ejemplo.login;
				PRODUCT_NAME = "$(TARGET_NAME)";
				SWIFT_VERSION = 5.0;
				TARGETED_DEVICE_FAMILY = "1,2";
			};
			name = Release;
		};
		3A9443BC2741CEA80030D14E /* Debug */ = {
			isa = XCBuildConfiguration;
			buildSettings = {
				ALWAYS_EMBED_SWIFT_STANDARD_LIBRARIES = YES;
				BUNDLE_LOADER = "$(TEST_HOST)";
				CODE_SIGN_STYLE = Automatic;
				INFOPLIST_FILE = loginTests/Info.plist;
				IPHONEOS_DEPLOYMENT_TARGET = 14.4;
				LD_RUNPATH_SEARCH_PATHS = (
					"$(inherited)",
					"@executable_path/Frameworks",
					"@loader_path/Frameworks",
				);
				PRODUCT_BUNDLE_IDENTIFIER = ejemplo.loginTests;
				PRODUCT_NAME = "$(TARGET_NAME)";
				SWIFT_VERSION = 5.0;
				TARGETED_DEVICE_FAMILY = "1,2";
				TEST_HOST = "$(BUILT_PRODUCTS_DIR)/login.app/login";
			};
			name = Debug;
		};
		3A9443BD2741CEA80030D14E /* Release */ = {
			isa = XCBuildConfiguration;
			buildSettings = {
				ALWAYS_EMBED_SWIFT_STANDARD_LIBRARIES = YES;
				BUNDLE_LOADER = "$(TEST_HOST)";
				CODE_SIGN_STYLE = Automatic;
				INFOPLIST_FILE = loginTests/Info.plist;
				IPHONEOS_DEPLOYMENT_TARGET = 14.4;
				LD_RUNPATH_SEARCH_PATHS = (
					"$(inherited)",
					"@executable_path/Frameworks",
					"@loader_path/Frameworks",
				);
				PRODUCT_BUNDLE_IDENTIFIER = ejemplo.loginTests;
				PRODUCT_NAME = "$(TARGET_NAME)";
				SWIFT_VERSION = 5.0;
				TARGETED_DEVICE_FAMILY = "1,2";
				TEST_HOST = "$(BUILT_PRODUCTS_DIR)/login.app/login";
			};
			name = Release;
		};
		3A9443BF2741CEA80030D14E /* Debug */ = {
			isa = XCBuildConfiguration;
			buildSettings = {
				ALWAYS_EMBED_SWIFT_STANDARD_LIBRARIES = YES;
				CODE_SIGN_STYLE = Automatic;
				INFOPLIST_FILE = loginUITests/Info.plist;
				LD_RUNPATH_SEARCH_PATHS = (
					"$(inherited)",
					"@executable_path/Frameworks",
					"@loader_path/Frameworks",
				);
				PRODUCT_BUNDLE_IDENTIFIER = ejemplo.loginUITests;
				PRODUCT_NAME = "$(TARGET_NAME)";
				SWIFT_VERSION = 5.0;
				TARGETED_DEVICE_FAMILY = "1,2";
				TEST_TARGET_NAME = login;
			};
			name = Debug;
		};
		3A9443C02741CEA80030D14E /* Release */ = {
			isa = XCBuildConfiguration;
			buildSettings = {
				ALWAYS_EMBED_SWIFT_STANDARD_LIBRARIES = YES;
				CODE_SIGN_STYLE = Automatic;
				INFOPLIST_FILE = loginUITests/Info.plist;
				LD_RUNPATH_SEARCH_PATHS = (
					"$(inherited)",
					"@executable_path/Frameworks",
					"@loader_path/Frameworks",
				);
				PRODUCT_BUNDLE_IDENTIFIER = ejemplo.loginUITests;
				PRODUCT_NAME = "$(TARGET_NAME)";
				SWIFT_VERSION = 5.0;
				TARGETED_DEVICE_FAMILY = "1,2";
				TEST_TARGET_NAME = login;
			};
			name = Release;
		};
/* End XCBuildConfiguration section */

/* Begin XCConfigurationList section */
		3A9443892741CEA10030D14E /* Build configuration list for PBXProject "login" */ = {
			isa = XCConfigurationList;
			buildConfigurations = (
				3A9443B62741CEA80030D14E /* Debug */,
				3A9443B72741CEA80030D14E /* Release */,
			);
			defaultConfigurationIsVisible = 0;
			defaultConfigurationName = Release;
		};
		3A9443B82741CEA80030D14E /* Build configuration list for PBXNativeTarget "login" */ = {
			isa = XCConfigurationList;
			buildConfigurations = (
				3A9443B92741CEA80030D14E /* Debug */,
				3A9443BA2741CEA80030D14E /* Release */,
			);
			defaultConfigurationIsVisible = 0;
			defaultConfigurationName = Release;
		};
		3A9443BB2741CEA80030D14E /* Build configuration list for PBXNativeTarget "loginTests" */ = {
			isa = XCConfigurationList;
			buildConfigurations = (
				3A9443BC2741CEA80030D14E /* Debug */,
				3A9443BD2741CEA80030D14E /* Release */,
			);
			defaultConfigurationIsVisible = 0;
			defaultConfigurationName = Release;
		};
		3A9443BE2741CEA80030D14E /* Build configuration list for PBXNativeTarget "loginUITests" */ = {
			isa = XCConfigurationList;
			buildConfigurations = (
				3A9443BF2741CEA80030D14E /* Debug */,
				3A9443C02741CEA80030D14E /* Release */,
			);
			defaultConfigurationIsVisible = 0;
			defaultConfigurationName = Release;
		};
/* End XCConfigurationList section */
	};
	rootObject = 3A9443862741CEA10030D14E /* Project object */;
}
